{
    "_meta": {
        "hash": {
            "sha256": "a2fa5fc80926341cd831d16ce23fbab4afda106915668fd02996276004bc3fc0"
        },
        "pipfile-spec": 6,
        "requires": {
            "python_version": "3.10"
        },
        "sources": [
            {
                "name": "pypi",
                "url": "https://pypi.org/simple",
                "verify_ssl": true
            }
        ]
    },
    "default": {
        "appdirs": {
            "hashes": [
                "sha256:7d5d0167b2b1ba821647616af46a749d1c653740dd0d2415100fe26e27afdf41",
                "sha256:a841dacd6b99318a741b166adb07e19ee71a274450e68237b4650ca1055ab128"
            ],
            "version": "==1.4.4"
        },
        "attrs": {
            "hashes": [
                "sha256:2d27e3784d7a565d36ab851fe94887c5eccd6a463168875832a1be79c82828b4",
                "sha256:626ba8234211db98e869df76230a137c4c40a12d72445c45d5f5b716f076e2fd"
            ],
            "markers": "python_version >= '2.7' and python_version not in '3.0, 3.1, 3.2, 3.3, 3.4'",
            "version": "==21.4.0"
        },
        "defcon": {
            "hashes": [
                "sha256:2a7adc6029932697aebcd6b9408af64ca6ca90fb8e849c5de7954f4d3a398d69",
                "sha256:fa7964f711b798e092e311f3a79e09fd5fa17bb1cd320d5a32015e4c54eb3070"
            ],
            "index": "pypi",
            "version": "==0.10.1"
        },
        "fontmath": {
            "hashes": [
                "sha256:4c8b1c711e1cbf4ba93c3d0843935b0661973131261af08608bde17de1018404",
                "sha256:684149c1a0f6a8cf6686be67b9be9e7f0d8053fd502e7c3b3ceacfe682fc6d03"
            ],
            "index": "pypi",
            "version": "==0.9.2"
        },
        "fonttools": {
            "git": "https://github.com/fonttools/fonttools.git",
            "ref": "02a669ed6313d5479c0e6b176973cefa112cd32b"
        },
        "fs": {
            "hashes": [
                "sha256:660064febbccda264ae0b6bace80a8d1be9e089e0a5eb2427b7d517f9a91545c",
                "sha256:ae97c7d51213f4b70b6a958292530289090de3a7e15841e108fbe144f069d313"
            ],
            "index": "pypi",
            "version": "==2.4.16"
        },
        "glyphconstruction": {
            "git": "https://github.com/typemytype/glyphConstruction.git",
            "ref": "d55228d06b973f6d100bcbcbed0aac96aba355c0"
        },
        "glyphslib": {
            "git": "https://github.com/googlefonts/GlyphsLib.git",
            "ref": "97642ea5e755e92567a6a3c7470c6306f8a4df3d"
        },
        "mutatormath": {
            "hashes": [
                "sha256:8127c1ffad1646f11a953752296c43f5d88cbd5293fff03f093d916b0bc13864",
                "sha256:949dc3c1ea71c3b8a88cdeec6b3224b039d9da3888af133eb7e09ce1d5b19821"
            ],
            "index": "pypi",
            "version": "==3.0.1"
        },
        "openstep-plist": {
            "hashes": [
                "sha256:166b85c18c1fb009c0cea18910011afac90c8a681592c3a6e8c53b2e5cfc1d22",
                "sha256:1a4bc0225d8d42a0732b06e056bdff9db73dd9d46c6a88728e3e11ae55d69259",
                "sha256:28ee2c18a8e8779070505435314d92d5d1b40f2889d3a99dae831b443b2e8019",
                "sha256:2a2c1ef2e9686cb0eea2d86276351718ebf080fb8d4bf08cb7f936f839b90160",
                "sha256:309f89f6c559935139250b78df54a2d9acd57db6396ffdf8f78f934934ad4c3c",
                "sha256:5bbb0c0b21d78cc41671721a7e948526ee70a289dbce21b98ce4c3cfd479b9b3",
                "sha256:69942ad1c8c8b4dec2edc7c568bf6514f4710f0d695772e0728a24a9094b3ad8",
                "sha256:7651507610f80de1deec4faaf7ffdc908c1678b1ebbdd6960beaea2a9f9ccfaf",
                "sha256:7ae7970030c5aca5bef3e08441103f19f151acbde8c26a9435998a267cec4d70",
                "sha256:a6a40adced2cbc4f05ca56d6237d73f5f44d2aca4920f23ec9efe827c9922f33",
                "sha256:afc0875597b346c9a7ef6f191611e104991067a26c525328aec826a312103e82",
                "sha256:c481f855a02d8bb2558ca09010d73d08352fe871c991920a63eb517cd8d0cd61",
                "sha256:ca7dd13d6d5874fc92ba29cff04947fe7dfc4266f822bdb1caab41686079f21f",
                "sha256:f3c9c22abe06a90a66ee1fcb825d5e0b3d0be1ebc442052cb59ae7e4433d30f5"
            ],
            "version": "==0.3.0"
        },
        "pysilfont": {
            "editable": true,
            "git": "https://github.com/silnrsi/pysilfont.git",
            "ref": "95f685fe638bdf60e13b4cf56e001ab5f12326a7"
        },
        "setuptools": {
            "hashes": [
                "sha256:16923d366ced322712c71ccb97164d07472abeecd13f3a6c283f6d5d26722793",
                "sha256:db3b8e2f922b2a910a29804776c643ea609badb6a32c4bcc226fd4fd902cce65"
            ],
            "markers": "python_version >= '3.7'",
            "version": "==63.1.0"
        },
        "six": {
            "hashes": [
                "sha256:1e61c37477a1626458e36f7b1d82aa5c9b094fa4802892072e49de9c60c4c926",
                "sha256:8abb2f1d86890a2dfb989f9a77cfcfd3e47c2a354b01111771326f8aa26e0254"
            ],
            "markers": "python_version >= '2.7' and python_version not in '3.0, 3.1, 3.2'",
            "version": "==1.16.0"
        },
        "ufolib2": {
            "git": "https://github.com/fonttools/ufoLib2.git",
            "ref": "bffb34dd0553e99992fc99dd86dbb595bdc59559"
        },
        "unicodedata2": {
            "hashes": [
                "sha256:0082d81895ed0958e1ad143f1ff991287b56ee6adf0e12b3f3358d49abd30165",
                "sha256:071d8a3cfc5a3d95261beb1f102d87ca6901f32f3869861e2d2842f543555819",
                "sha256:0e699418bcc4adea1a694e2b2018134495a86e62c69215587224d0a882ae143a",
                "sha256:219bd9602ff118ff1e58ff4b36ae3c3066b125fb2de33abd37c75b6f5e9166c8",
                "sha256:2c61940a9f80e061ef0507525c654fcd86bb2bab3202fc509192521c6939cc66",
                "sha256:41f7df0043f4450e84203d907a56cdd2a0a0541a9eebbaba48576b01e0b61684",
                "sha256:44570739ce4f5ec9875ce32965653452302f2d706fd52c0a299726a31711009e",
                "sha256:458ba1a48091b1686dc8b21836dd113c4aa403513fffbb0a72316f94fd991387",
                "sha256:46cb228b47e8f03771fa0c6a0f8575a1a31d403c4945db5b1b53c7c739edd8f2",
                "sha256:49a8f7da7bb1294e5b7e178662f5eb44e883fd2799a1a785a523e3972d7a2c61",
                "sha256:49b1da2a697eeadb7b56bef9b557029458ec21a1573318302d261895a5a70690",
                "sha256:5908e4edeab9b72a7c0b3de13e74bd1cea506226d19a6da78bc95afeedafd08f",
                "sha256:6163b9b8ae086d924efe2703ddcea43422a357200a5e6fdeb3862c87e20b615d",
                "sha256:61765843c705c1aed7bcd2e12b9e4f12c2c585ae82f027a82ab7e75a7da5ef2a",
                "sha256:63fc0a6ffb215df1785623ec14f20f95ee25eb394b203e88b268ea226d107c92",
                "sha256:672555ef6fe52766caba6414c25fc60140e5521cfae34b3adcf72e596f9fa853",
                "sha256:6c9f43cda63a2c84fa5c37706d88881064ea1297ff89d02b14ff05c3923c287e",
                "sha256:724ecd5c6c0c0f732d768bcdd55bd804181df65b4d09e1b1facbf3b63dc833a9",
                "sha256:734d6310035e86610055afbef502f231ccb1bad6f86c4ef6cbc930647acc8948",
                "sha256:799ab23c72bc7d5331a905693e7ffdf11ce24a463143df98716eee0703012e83",
                "sha256:7bce60788dbc4591e1572d948ebaab2c92946f02cc1caada563e688e819605cf",
                "sha256:7fbd9095c0f0176b1bfa8910514ca6262af8ef3cde3effc9827f332e0dec2341",
                "sha256:81655eb0207974aec7d13729c8914182bc3bd1ad539cf52b42202bb928a99e25",
                "sha256:81d636fcf73addb84c4ecf14caa03c119d992eb30cf86eb9ad1521c0f5a683b0",
                "sha256:8582f50d6b957ee3110cb1af2b5faed0774d0b2d19940930de5f2bac1e4cfd4a",
                "sha256:883ad606c2fc5a1b3c28a6985395c0d84335217fe42e7166137c2320af1ff8b7",
                "sha256:902393fb98707ecf408f1e2c00eb2c65818dc4ba2182ae55fef93da9fa700027",
                "sha256:9320fdc4a23a8dbc540257a8b507ed3d78ca593ccd7b0f9a87ce94e4f40f0afc",
                "sha256:936aac9167eab15ac36638cbc46dbc424d318d339e6b75c5e3324cb213f55b94",
                "sha256:a0c0b0a16613d2d2cfb4eccd5245d552064fa74ce774b1200c892ed598ad91cb",
                "sha256:a171d62530a4ef85f75ceb52988a3256ebeac4ddc4dd0ea169b9e879f0def761",
                "sha256:a247ed510a1fd61ba4a6e0fa27de80d432c72dda565114dfa4ba4c5c59669608",
                "sha256:a365385ff893e4c57bd48191610b0c5ed61d2eebd093eaeb7cd87231cae2d30c",
                "sha256:a394ae138bd610080729144dde284872607c4d0a57e2c6eaa7ed69b762faa7ff",
                "sha256:bd1c7ea731bb3e1c6a413d55920d8806bb819a990971e57c99409988ee057f9d",
                "sha256:c567f861fbf6d68a9bd34e957399f2ce69463b388f94c6de3daf2cf14d941f94",
                "sha256:c980d7f010e1d2854fcdb74067fa55956965acd785474c3ceb067d8ebda83d1f",
                "sha256:d3b6ec3ce20bdda1de2215c6c84d12f7332ab1b9a57209e20967b5ab10003f13",
                "sha256:e33b187e6b0095f97aefd1b8035e3b21d100e0a1a66de474caceaec1014e9429",
                "sha256:e57d842c6f1f723e650ac0f62e6ee4626b6db066b20a8f1cf0e73d65d1f5e92b",
                "sha256:f0e7f31d9230d428804fac4fe294229eaa5d1f0a95a0c9e725710736876c9cb6",
                "sha256:fa0737a30db9f4d555817a4115d63e2875af605ec8932632b2338e9cbe59f3e2",
                "sha256:ffcb0bcf809ce83c4ec1707145acd0d3eeedbdb890a67cf1dd3be9969f019ad1"
            ],
            "version": "==14.0.0"
        }
    },
    "develop": {}
}
